// !$*UTF8*$!
{
	archiveVersion = 1;
	classes = {
	};
	objectVersion = 52;
	objects = {

/* Begin PBXBuildFile section */
		BA1F43F525583A6300FD705B /* AppDelegate.swift in Sources */ = {isa = PBXBuildFile; fileRef = BA1F43F425583A6300FD705B /* AppDelegate.swift */; };
		BA1F43FE25583A6500FD705B /* Assets.xcassets in Resources */ = {isa = PBXBuildFile; fileRef = BA1F43FD25583A6500FD705B /* Assets.xcassets */; };
		BA1F440125583A6500FD705B /* LaunchScreen.storyboard in Resources */ = {isa = PBXBuildFile; fileRef = BA1F43FF25583A6500FD705B /* LaunchScreen.storyboard */; };
		BA1F440C25583A6500FD705B /* GorillaBookTests.swift in Sources */ = {isa = PBXBuildFile; fileRef = BA1F440B25583A6500FD705B /* GorillaBookTests.swift */; };
		BA1F441725583A6500FD705B /* GorillaBookUITests.swift in Sources */ = {isa = PBXBuildFile; fileRef = BA1F441625583A6500FD705B /* GorillaBookUITests.swift */; };
		BA1F443825583BC800FD705B /* ViewController+Extensions.swift in Sources */ = {isa = PBXBuildFile; fileRef = BA1F443725583BC800FD705B /* ViewController+Extensions.swift */; };
		BA1F444025583BE400FD705B /* Date+Extensions.swift in Sources */ = {isa = PBXBuildFile; fileRef = BA1F443F25583BE400FD705B /* Date+Extensions.swift */; };
		BA1F444D25583EBE00FD705B /* FeedViewController.swift in Sources */ = {isa = PBXBuildFile; fileRef = BA1F444C25583EBE00FD705B /* FeedViewController.swift */; };
		BA1F445625583ED800FD705B /* BaseViewController.swift in Sources */ = {isa = PBXBuildFile; fileRef = BA1F445525583ED800FD705B /* BaseViewController.swift */; };
		BA1F445B25583EFB00FD705B /* FeedView.swift in Sources */ = {isa = PBXBuildFile; fileRef = BA1F445A25583EFB00FD705B /* FeedView.swift */; };
		BA1F446425583FD000FD705B /* CustomNavigationController.swift in Sources */ = {isa = PBXBuildFile; fileRef = BA1F446325583FD000FD705B /* CustomNavigationController.swift */; };
		BA1F447D2558443F00FD705B /* FeedService.swift in Sources */ = {isa = PBXBuildFile; fileRef = BA1F447C2558443F00FD705B /* FeedService.swift */; };
		BA1F44822558448000FD705B /* Constants.swift in Sources */ = {isa = PBXBuildFile; fileRef = BA1F44812558448000FD705B /* Constants.swift */; };
		BA1F4487255844B400FD705B /* ApiClient.swift in Sources */ = {isa = PBXBuildFile; fileRef = BA1F4486255844B400FD705B /* ApiClient.swift */; };
		BA1F448D2558455F00FD705B /* Feed.swift in Sources */ = {isa = PBXBuildFile; fileRef = BA1F448C2558455F00FD705B /* Feed.swift */; };
		BA1F449A255847B500FD705B /* FeedPresenter.swift in Sources */ = {isa = PBXBuildFile; fileRef = BA1F4499255847B500FD705B /* FeedPresenter.swift */; };
		BA1F44B52558575800FD705B /* FeedTableViewCell.swift in Sources */ = {isa = PBXBuildFile; fileRef = BA1F44B42558575800FD705B /* FeedTableViewCell.swift */; };
		BA1F44BB25585AF700FD705B /* SDWebImage in Frameworks */ = {isa = PBXBuildFile; productRef = BA1F44BA25585AF700FD705B /* SDWebImage */; };
		BA1F44C025585D2800FD705B /* Double+Extensions.swift in Sources */ = {isa = PBXBuildFile; fileRef = BA1F44BF25585D2800FD705B /* Double+Extensions.swift */; };
		BA1F44EA255861ED00FD705B /* CreatePostViewController.swift in Sources */ = {isa = PBXBuildFile; fileRef = BA1F44E8255861ED00FD705B /* CreatePostViewController.swift */; };
		BA1F44EB255861ED00FD705B /* CreatePostViewController.xib in Resources */ = {isa = PBXBuildFile; fileRef = BA1F44E9255861ED00FD705B /* CreatePostViewController.xib */; };
/* End PBXBuildFile section */

/* Begin PBXContainerItemProxy section */
		BA1F440825583A6500FD705B /* PBXContainerItemProxy */ = {
			isa = PBXContainerItemProxy;
			containerPortal = BA1F43E925583A6300FD705B /* Project object */;
			proxyType = 1;
			remoteGlobalIDString = BA1F43F025583A6300FD705B;
			remoteInfo = GorillaBook;
		};
		BA1F441325583A6500FD705B /* PBXContainerItemProxy */ = {
			isa = PBXContainerItemProxy;
			containerPortal = BA1F43E925583A6300FD705B /* Project object */;
			proxyType = 1;
			remoteGlobalIDString = BA1F43F025583A6300FD705B;
			remoteInfo = GorillaBook;
		};
/* End PBXContainerItemProxy section */

/* Begin PBXFileReference section */
		BA1F43F125583A6300FD705B /* GorillaBook.app */ = {isa = PBXFileReference; explicitFileType = wrapper.application; includeInIndex = 0; path = GorillaBook.app; sourceTree = BUILT_PRODUCTS_DIR; };
		BA1F43F425583A6300FD705B /* AppDelegate.swift */ = {isa = PBXFileReference; lastKnownFileType = sourcecode.swift; path = AppDelegate.swift; sourceTree = "<group>"; };
		BA1F43FD25583A6500FD705B /* Assets.xcassets */ = {isa = PBXFileReference; lastKnownFileType = folder.assetcatalog; path = Assets.xcassets; sourceTree = "<group>"; };
		BA1F440025583A6500FD705B /* Base */ = {isa = PBXFileReference; lastKnownFileType = file.storyboard; name = Base; path = Base.lproj/LaunchScreen.storyboard; sourceTree = "<group>"; };
		BA1F440225583A6500FD705B /* Info.plist */ = {isa = PBXFileReference; lastKnownFileType = text.plist.xml; path = Info.plist; sourceTree = "<group>"; };
		BA1F440725583A6500FD705B /* GorillaBookTests.xctest */ = {isa = PBXFileReference; explicitFileType = wrapper.cfbundle; includeInIndex = 0; path = GorillaBookTests.xctest; sourceTree = BUILT_PRODUCTS_DIR; };
		BA1F440B25583A6500FD705B /* GorillaBookTests.swift */ = {isa = PBXFileReference; lastKnownFileType = sourcecode.swift; path = GorillaBookTests.swift; sourceTree = "<group>"; };
		BA1F440D25583A6500FD705B /* Info.plist */ = {isa = PBXFileReference; lastKnownFileType = text.plist.xml; path = Info.plist; sourceTree = "<group>"; };
		BA1F441225583A6500FD705B /* GorillaBookUITests.xctest */ = {isa = PBXFileReference; explicitFileType = wrapper.cfbundle; includeInIndex = 0; path = GorillaBookUITests.xctest; sourceTree = BUILT_PRODUCTS_DIR; };
		BA1F441625583A6500FD705B /* GorillaBookUITests.swift */ = {isa = PBXFileReference; lastKnownFileType = sourcecode.swift; path = GorillaBookUITests.swift; sourceTree = "<group>"; };
		BA1F441825583A6500FD705B /* Info.plist */ = {isa = PBXFileReference; lastKnownFileType = text.plist.xml; path = Info.plist; sourceTree = "<group>"; };
		BA1F443725583BC800FD705B /* ViewController+Extensions.swift */ = {isa = PBXFileReference; lastKnownFileType = sourcecode.swift; path = "ViewController+Extensions.swift"; sourceTree = "<group>"; };
		BA1F443F25583BE400FD705B /* Date+Extensions.swift */ = {isa = PBXFileReference; lastKnownFileType = sourcecode.swift; path = "Date+Extensions.swift"; sourceTree = "<group>"; };
		BA1F444C25583EBE00FD705B /* FeedViewController.swift */ = {isa = PBXFileReference; lastKnownFileType = sourcecode.swift; path = FeedViewController.swift; sourceTree = "<group>"; };
		BA1F445525583ED800FD705B /* BaseViewController.swift */ = {isa = PBXFileReference; lastKnownFileType = sourcecode.swift; path = BaseViewController.swift; sourceTree = "<group>"; };
		BA1F445A25583EFB00FD705B /* FeedView.swift */ = {isa = PBXFileReference; lastKnownFileType = sourcecode.swift; path = FeedView.swift; sourceTree = "<group>"; };
		BA1F446325583FD000FD705B /* CustomNavigationController.swift */ = {isa = PBXFileReference; lastKnownFileType = sourcecode.swift; path = CustomNavigationController.swift; sourceTree = "<group>"; };
		BA1F447C2558443F00FD705B /* FeedService.swift */ = {isa = PBXFileReference; lastKnownFileType = sourcecode.swift; path = FeedService.swift; sourceTree = "<group>"; };
		BA1F44812558448000FD705B /* Constants.swift */ = {isa = PBXFileReference; lastKnownFileType = sourcecode.swift; path = Constants.swift; sourceTree = "<group>"; };
		BA1F4486255844B400FD705B /* ApiClient.swift */ = {isa = PBXFileReference; lastKnownFileType = sourcecode.swift; path = ApiClient.swift; sourceTree = "<group>"; };
		BA1F448C2558455F00FD705B /* Feed.swift */ = {isa = PBXFileReference; lastKnownFileType = sourcecode.swift; path = Feed.swift; sourceTree = "<group>"; };
		BA1F4499255847B500FD705B /* FeedPresenter.swift */ = {isa = PBXFileReference; lastKnownFileType = sourcecode.swift; path = FeedPresenter.swift; sourceTree = "<group>"; };
		BA1F44B42558575800FD705B /* FeedTableViewCell.swift */ = {isa = PBXFileReference; lastKnownFileType = sourcecode.swift; path = FeedTableViewCell.swift; sourceTree = "<group>"; };
		BA1F44BF25585D2800FD705B /* Double+Extensions.swift */ = {isa = PBXFileReference; lastKnownFileType = sourcecode.swift; path = "Double+Extensions.swift"; sourceTree = "<group>"; };
		BA1F44E8255861ED00FD705B /* CreatePostViewController.swift */ = {isa = PBXFileReference; lastKnownFileType = sourcecode.swift; path = CreatePostViewController.swift; sourceTree = "<group>"; };
		BA1F44E9255861ED00FD705B /* CreatePostViewController.xib */ = {isa = PBXFileReference; lastKnownFileType = file.xib; path = CreatePostViewController.xib; sourceTree = "<group>"; };
/* End PBXFileReference section */

/* Begin PBXFrameworksBuildPhase section */
		BA1F43EE25583A6300FD705B /* Frameworks */ = {
			isa = PBXFrameworksBuildPhase;
			buildActionMask = 2147483647;
			files = (
				BA1F44BB25585AF700FD705B /* SDWebImage in Frameworks */,
			);
			runOnlyForDeploymentPostprocessing = 0;
		};
		BA1F440425583A6500FD705B /* Frameworks */ = {
			isa = PBXFrameworksBuildPhase;
			buildActionMask = 2147483647;
			files = (
			);
			runOnlyForDeploymentPostprocessing = 0;
		};
		BA1F440F25583A6500FD705B /* Frameworks */ = {
			isa = PBXFrameworksBuildPhase;
			buildActionMask = 2147483647;
			files = (
			);
			runOnlyForDeploymentPostprocessing = 0;
		};
/* End PBXFrameworksBuildPhase section */

/* Begin PBXGroup section */
		BA1F43E825583A6300FD705B = {
			isa = PBXGroup;
			children = (
				BA1F43F325583A6300FD705B /* GorillaBook */,
				BA1F440A25583A6500FD705B /* GorillaBookTests */,
				BA1F441525583A6500FD705B /* GorillaBookUITests */,
				BA1F43F225583A6300FD705B /* Products */,
			);
			sourceTree = "<group>";
		};
		BA1F43F225583A6300FD705B /* Products */ = {
			isa = PBXGroup;
			children = (
				BA1F43F125583A6300FD705B /* GorillaBook.app */,
				BA1F440725583A6500FD705B /* GorillaBookTests.xctest */,
				BA1F441225583A6500FD705B /* GorillaBookUITests.xctest */,
			);
			name = Products;
			sourceTree = "<group>";
		};
		BA1F43F325583A6300FD705B /* GorillaBook */ = {
			isa = PBXGroup;
			children = (
				BA1F443025583B2D00FD705B /* App */,
				BA1F444A25583EA200FD705B /* Controllers */,
				BA1F448B2558454800FD705B /* Models */,
				BA1F44982558479500FD705B /* Prensenter */,
				BA1F443425583B4800FD705B /* Resources */,
				BA1F447B2558442800FD705B /* Service */,
				BA1F443525583BAB00FD705B /* Utils */,
			);
			path = GorillaBook;
			sourceTree = "<group>";
		};
		BA1F440A25583A6500FD705B /* GorillaBookTests */ = {
			isa = PBXGroup;
			children = (
				BA1F440B25583A6500FD705B /* GorillaBookTests.swift */,
				BA1F440D25583A6500FD705B /* Info.plist */,
			);
			path = GorillaBookTests;
			sourceTree = "<group>";
		};
		BA1F441525583A6500FD705B /* GorillaBookUITests */ = {
			isa = PBXGroup;
			children = (
				BA1F441625583A6500FD705B /* GorillaBookUITests.swift */,
				BA1F441825583A6500FD705B /* Info.plist */,
			);
			path = GorillaBookUITests;
			sourceTree = "<group>";
		};
		BA1F443025583B2D00FD705B /* App */ = {
			isa = PBXGroup;
			children = (
				BA1F43F425583A6300FD705B /* AppDelegate.swift */,
				BA1F43FF25583A6500FD705B /* LaunchScreen.storyboard */,
				BA1F440225583A6500FD705B /* Info.plist */,
			);
			path = App;
			sourceTree = "<group>";
		};
		BA1F443425583B4800FD705B /* Resources */ = {
			isa = PBXGroup;
			children = (
				BA1F43FD25583A6500FD705B /* Assets.xcassets */,
			);
			path = Resources;
			sourceTree = "<group>";
		};
		BA1F443525583BAB00FD705B /* Utils */ = {
			isa = PBXGroup;
			children = (
				BA1F443625583BB500FD705B /* Extensions */,
				BA1F44812558448000FD705B /* Constants.swift */,
			);
			path = Utils;
			sourceTree = "<group>";
		};
		BA1F443625583BB500FD705B /* Extensions */ = {
			isa = PBXGroup;
			children = (
				BA1F443725583BC800FD705B /* ViewController+Extensions.swift */,
				BA1F443F25583BE400FD705B /* Date+Extensions.swift */,
				BA1F44BF25585D2800FD705B /* Double+Extensions.swift */,
			);
			path = Extensions;
			sourceTree = "<group>";
		};
		BA1F444A25583EA200FD705B /* Controllers */ = {
			isa = PBXGroup;
			children = (
				BA1F44C72558616C00FD705B /* CreatePost */,
				BA1F445425583EC800FD705B /* Base */,
				BA1F444B25583EAB00FD705B /* Feed */,
				BA1F446225583FB500FD705B /* Navigation */,
			);
			path = Controllers;
			sourceTree = "<group>";
		};
		BA1F444B25583EAB00FD705B /* Feed */ = {
			isa = PBXGroup;
			children = (
				BA1F444C25583EBE00FD705B /* FeedViewController.swift */,
				BA1F445A25583EFB00FD705B /* FeedView.swift */,
				BA1F44B42558575800FD705B /* FeedTableViewCell.swift */,
			);
			path = Feed;
			sourceTree = "<group>";
		};
		BA1F445425583EC800FD705B /* Base */ = {
			isa = PBXGroup;
			children = (
				BA1F445525583ED800FD705B /* BaseViewController.swift */,
			);
			path = Base;
			sourceTree = "<group>";
		};
		BA1F446225583FB500FD705B /* Navigation */ = {
			isa = PBXGroup;
			children = (
				BA1F446325583FD000FD705B /* CustomNavigationController.swift */,
			);
			path = Navigation;
			sourceTree = "<group>";
		};
		BA1F447B2558442800FD705B /* Service */ = {
			isa = PBXGroup;
			children = (
				BA1F447C2558443F00FD705B /* FeedService.swift */,
				BA1F4486255844B400FD705B /* ApiClient.swift */,
			);
			path = Service;
			sourceTree = "<group>";
		};
		BA1F448B2558454800FD705B /* Models */ = {
			isa = PBXGroup;
			children = (
				BA1F448C2558455F00FD705B /* Feed.swift */,
			);
			path = Models;
			sourceTree = "<group>";
		};
		BA1F44982558479500FD705B /* Prensenter */ = {
			isa = PBXGroup;
			children = (
				BA1F4499255847B500FD705B /* FeedPresenter.swift */,
			);
			path = Prensenter;
			sourceTree = "<group>";
		};
		BA1F44C72558616C00FD705B /* CreatePost */ = {
			isa = PBXGroup;
			children = (
				BA1F44E8255861ED00FD705B /* CreatePostViewController.swift */,
				BA1F44E9255861ED00FD705B /* CreatePostViewController.xib */,
			);
			path = CreatePost;
			sourceTree = "<group>";
		};
/* End PBXGroup section */

/* Begin PBXNativeTarget section */
		BA1F43F025583A6300FD705B /* GorillaBook */ = {
			isa = PBXNativeTarget;
			buildConfigurationList = BA1F441B25583A6500FD705B /* Build configuration list for PBXNativeTarget "GorillaBook" */;
			buildPhases = (
				BA1F43ED25583A6300FD705B /* Sources */,
				BA1F43EE25583A6300FD705B /* Frameworks */,
				BA1F43EF25583A6300FD705B /* Resources */,
			);
			buildRules = (
			);
			dependencies = (
			);
			name = GorillaBook;
			packageProductDependencies = (
				BA1F44BA25585AF700FD705B /* SDWebImage */,
			);
			productName = GorillaBook;
			productReference = BA1F43F125583A6300FD705B /* GorillaBook.app */;
			productType = "com.apple.product-type.application";
		};
		BA1F440625583A6500FD705B /* GorillaBookTests */ = {
			isa = PBXNativeTarget;
			buildConfigurationList = BA1F441E25583A6500FD705B /* Build configuration list for PBXNativeTarget "GorillaBookTests" */;
			buildPhases = (
				BA1F440325583A6500FD705B /* Sources */,
				BA1F440425583A6500FD705B /* Frameworks */,
				BA1F440525583A6500FD705B /* Resources */,
			);
			buildRules = (
			);
			dependencies = (
				BA1F440925583A6500FD705B /* PBXTargetDependency */,
			);
			name = GorillaBookTests;
			productName = GorillaBookTests;
			productReference = BA1F440725583A6500FD705B /* GorillaBookTests.xctest */;
			productType = "com.apple.product-type.bundle.unit-test";
		};
		BA1F441125583A6500FD705B /* GorillaBookUITests */ = {
			isa = PBXNativeTarget;
			buildConfigurationList = BA1F442125583A6500FD705B /* Build configuration list for PBXNativeTarget "GorillaBookUITests" */;
			buildPhases = (
				BA1F440E25583A6500FD705B /* Sources */,
				BA1F440F25583A6500FD705B /* Frameworks */,
				BA1F441025583A6500FD705B /* Resources */,
			);
			buildRules = (
			);
			dependencies = (
				BA1F441425583A6500FD705B /* PBXTargetDependency */,
			);
			name = GorillaBookUITests;
			productName = GorillaBookUITests;
			productReference = BA1F441225583A6500FD705B /* GorillaBookUITests.xctest */;
			productType = "com.apple.product-type.bundle.ui-testing";
		};
/* End PBXNativeTarget section */

/* Begin PBXProject section */
		BA1F43E925583A6300FD705B /* Project object */ = {
			isa = PBXProject;
			attributes = {
				LastSwiftUpdateCheck = 1210;
				LastUpgradeCheck = 1210;
				TargetAttributes = {
					BA1F43F025583A6300FD705B = {
						CreatedOnToolsVersion = 12.1;
					};
					BA1F440625583A6500FD705B = {
						CreatedOnToolsVersion = 12.1;
						TestTargetID = BA1F43F025583A6300FD705B;
					};
					BA1F441125583A6500FD705B = {
						CreatedOnToolsVersion = 12.1;
						TestTargetID = BA1F43F025583A6300FD705B;
					};
				};
			};
			buildConfigurationList = BA1F43EC25583A6300FD705B /* Build configuration list for PBXProject "GorillaBook" */;
			compatibilityVersion = "Xcode 9.3";
			developmentRegion = en;
			hasScannedForEncodings = 0;
			knownRegions = (
				en,
				Base,
			);
			mainGroup = BA1F43E825583A6300FD705B;
			packageReferences = (
				BA1F44B925585AF700FD705B /* XCRemoteSwiftPackageReference "SDWebImage" */,
			);
			productRefGroup = BA1F43F225583A6300FD705B /* Products */;
			projectDirPath = "";
			projectRoot = "";
			targets = (
				BA1F43F025583A6300FD705B /* GorillaBook */,
				BA1F440625583A6500FD705B /* GorillaBookTests */,
				BA1F441125583A6500FD705B /* GorillaBookUITests */,
			);
		};
/* End PBXProject section */

/* Begin PBXResourcesBuildPhase section */
		BA1F43EF25583A6300FD705B /* Resources */ = {
			isa = PBXResourcesBuildPhase;
			buildActionMask = 2147483647;
			files = (
				BA1F440125583A6500FD705B /* LaunchScreen.storyboard in Resources */,
				BA1F43FE25583A6500FD705B /* Assets.xcassets in Resources */,
				BA1F44EB255861ED00FD705B /* CreatePostViewController.xib in Resources */,
			);
			runOnlyForDeploymentPostprocessing = 0;
		};
		BA1F440525583A6500FD705B /* Resources */ = {
			isa = PBXResourcesBuildPhase;
			buildActionMask = 2147483647;
			files = (
			);
			runOnlyForDeploymentPostprocessing = 0;
		};
		BA1F441025583A6500FD705B /* Resources */ = {
			isa = PBXResourcesBuildPhase;
			buildActionMask = 2147483647;
			files = (
			);
			runOnlyForDeploymentPostprocessing = 0;
		};
/* End PBXResourcesBuildPhase section */

/* Begin PBXSourcesBuildPhase section */
		BA1F43ED25583A6300FD705B /* Sources */ = {
			isa = PBXSourcesBuildPhase;
			buildActionMask = 2147483647;
			files = (
				BA1F445625583ED800FD705B /* BaseViewController.swift in Sources */,
				BA1F447D2558443F00FD705B /* FeedService.swift in Sources */,
				BA1F443825583BC800FD705B /* ViewController+Extensions.swift in Sources */,
				BA1F43F525583A6300FD705B /* AppDelegate.swift in Sources */,
				BA1F448D2558455F00FD705B /* Feed.swift in Sources */,
				BA1F44EA255861ED00FD705B /* CreatePostViewController.swift in Sources */,
				BA1F44B52558575800FD705B /* FeedTableViewCell.swift in Sources */,
				BA1F444D25583EBE00FD705B /* FeedViewController.swift in Sources */,
				BA1F445B25583EFB00FD705B /* FeedView.swift in Sources */,
				BA1F44C025585D2800FD705B /* Double+Extensions.swift in Sources */,
				BA1F444025583BE400FD705B /* Date+Extensions.swift in Sources */,
				BA1F446425583FD000FD705B /* CustomNavigationController.swift in Sources */,
				BA1F44822558448000FD705B /* Constants.swift in Sources */,
				BA1F449A255847B500FD705B /* FeedPresenter.swift in Sources */,
				BA1F4487255844B400FD705B /* ApiClient.swift in Sources */,
			);
			runOnlyForDeploymentPostprocessing = 0;
		};
		BA1F440325583A6500FD705B /* Sources */ = {
			isa = PBXSourcesBuildPhase;
			buildActionMask = 2147483647;
			files = (
				BA1F440C25583A6500FD705B /* GorillaBookTests.swift in Sources */,
			);
			runOnlyForDeploymentPostprocessing = 0;
		};
		BA1F440E25583A6500FD705B /* Sources */ = {
			isa = PBXSourcesBuildPhase;
			buildActionMask = 2147483647;
			files = (
				BA1F441725583A6500FD705B /* GorillaBookUITests.swift in Sources */,
			);
			runOnlyForDeploymentPostprocessing = 0;
		};
/* End PBXSourcesBuildPhase section */

/* Begin PBXTargetDependency section */
		BA1F440925583A6500FD705B /* PBXTargetDependency */ = {
			isa = PBXTargetDependency;
			target = BA1F43F025583A6300FD705B /* GorillaBook */;
			targetProxy = BA1F440825583A6500FD705B /* PBXContainerItemProxy */;
		};
		BA1F441425583A6500FD705B /* PBXTargetDependency */ = {
			isa = PBXTargetDependency;
			target = BA1F43F025583A6300FD705B /* GorillaBook */;
			targetProxy = BA1F441325583A6500FD705B /* PBXContainerItemProxy */;
		};
/* End PBXTargetDependency section */

/* Begin PBXVariantGroup section */
		BA1F43FF25583A6500FD705B /* LaunchScreen.storyboard */ = {
			isa = PBXVariantGroup;
			children = (
				BA1F440025583A6500FD705B /* Base */,
			);
			name = LaunchScreen.storyboard;
			sourceTree = "<group>";
		};
/* End PBXVariantGroup section */

/* Begin XCBuildConfiguration section */
		BA1F441925583A6500FD705B /* Debug */ = {
			isa = XCBuildConfiguration;
			buildSettings = {
				ALWAYS_SEARCH_USER_PATHS = NO;
				CLANG_ANALYZER_NONNULL = YES;
				CLANG_ANALYZER_NUMBER_OBJECT_CONVERSION = YES_AGGRESSIVE;
				CLANG_CXX_LANGUAGE_STANDARD = "gnu++14";
				CLANG_CXX_LIBRARY = "libc++";
				CLANG_ENABLE_MODULES = YES;
				CLANG_ENABLE_OBJC_ARC = YES;
				CLANG_ENABLE_OBJC_WEAK = YES;
				CLANG_WARN_BLOCK_CAPTURE_AUTORELEASING = YES;
				CLANG_WARN_BOOL_CONVERSION = YES;
				CLANG_WARN_COMMA = YES;
				CLANG_WARN_CONSTANT_CONVERSION = YES;
				CLANG_WARN_DEPRECATED_OBJC_IMPLEMENTATIONS = YES;
				CLANG_WARN_DIRECT_OBJC_ISA_USAGE = YES_ERROR;
				CLANG_WARN_DOCUMENTATION_COMMENTS = YES;
				CLANG_WARN_EMPTY_BODY = YES;
				CLANG_WARN_ENUM_CONVERSION = YES;
				CLANG_WARN_INFINITE_RECURSION = YES;
				CLANG_WARN_INT_CONVERSION = YES;
				CLANG_WARN_NON_LITERAL_NULL_CONVERSION = YES;
				CLANG_WARN_OBJC_IMPLICIT_RETAIN_SELF = YES;
				CLANG_WARN_OBJC_LITERAL_CONVERSION = YES;
				CLANG_WARN_OBJC_ROOT_CLASS = YES_ERROR;
				CLANG_WARN_QUOTED_INCLUDE_IN_FRAMEWORK_HEADER = YES;
				CLANG_WARN_RANGE_LOOP_ANALYSIS = YES;
				CLANG_WARN_STRICT_PROTOTYPES = YES;
				CLANG_WARN_SUSPICIOUS_MOVE = YES;
				CLANG_WARN_UNGUARDED_AVAILABILITY = YES_AGGRESSIVE;
				CLANG_WARN_UNREACHABLE_CODE = YES;
				CLANG_WARN__DUPLICATE_METHOD_MATCH = YES;
				COPY_PHASE_STRIP = NO;
				DEBUG_INFORMATION_FORMAT = dwarf;
				ENABLE_STRICT_OBJC_MSGSEND = YES;
				ENABLE_TESTABILITY = YES;
				GCC_C_LANGUAGE_STANDARD = gnu11;
				GCC_DYNAMIC_NO_PIC = NO;
				GCC_NO_COMMON_BLOCKS = YES;
				GCC_OPTIMIZATION_LEVEL = 0;
				GCC_PREPROCESSOR_DEFINITIONS = (
					"DEBUG=1",
					"$(inherited)",
				);
				GCC_WARN_64_TO_32_BIT_CONVERSION = YES;
				GCC_WARN_ABOUT_RETURN_TYPE = YES_ERROR;
				GCC_WARN_UNDECLARED_SELECTOR = YES;
				GCC_WARN_UNINITIALIZED_AUTOS = YES_AGGRESSIVE;
				GCC_WARN_UNUSED_FUNCTION = YES;
				GCC_WARN_UNUSED_VARIABLE = YES;
				IPHONEOS_DEPLOYMENT_TARGET = 14.1;
				MTL_ENABLE_DEBUG_INFO = INCLUDE_SOURCE;
				MTL_FAST_MATH = YES;
				ONLY_ACTIVE_ARCH = YES;
				SDKROOT = iphoneos;
				SWIFT_ACTIVE_COMPILATION_CONDITIONS = DEBUG;
				SWIFT_OPTIMIZATION_LEVEL = "-Onone";
			};
			name = Debug;
		};
		BA1F441A25583A6500FD705B /* Release */ = {
			isa = XCBuildConfiguration;
			buildSettings = {
				ALWAYS_SEARCH_USER_PATHS = NO;
				CLANG_ANALYZER_NONNULL = YES;
				CLANG_ANALYZER_NUMBER_OBJECT_CONVERSION = YES_AGGRESSIVE;
				CLANG_CXX_LANGUAGE_STANDARD = "gnu++14";
				CLANG_CXX_LIBRARY = "libc++";
				CLANG_ENABLE_MODULES = YES;
				CLANG_ENABLE_OBJC_ARC = YES;
				CLANG_ENABLE_OBJC_WEAK = YES;
				CLANG_WARN_BLOCK_CAPTURE_AUTORELEASING = YES;
				CLANG_WARN_BOOL_CONVERSION = YES;
				CLANG_WARN_COMMA = YES;
				CLANG_WARN_CONSTANT_CONVERSION = YES;
				CLANG_WARN_DEPRECATED_OBJC_IMPLEMENTATIONS = YES;
				CLANG_WARN_DIRECT_OBJC_ISA_USAGE = YES_ERROR;
				CLANG_WARN_DOCUMENTATION_COMMENTS = YES;
				CLANG_WARN_EMPTY_BODY = YES;
				CLANG_WARN_ENUM_CONVERSION = YES;
				CLANG_WARN_INFINITE_RECURSION = YES;
				CLANG_WARN_INT_CONVERSION = YES;
				CLANG_WARN_NON_LITERAL_NULL_CONVERSION = YES;
				CLANG_WARN_OBJC_IMPLICIT_RETAIN_SELF = YES;
				CLANG_WARN_OBJC_LITERAL_CONVERSION = YES;
				CLANG_WARN_OBJC_ROOT_CLASS = YES_ERROR;
				CLANG_WARN_QUOTED_INCLUDE_IN_FRAMEWORK_HEADER = YES;
				CLANG_WARN_RANGE_LOOP_ANALYSIS = YES;
				CLANG_WARN_STRICT_PROTOTYPES = YES;
				CLANG_WARN_SUSPICIOUS_MOVE = YES;
				CLANG_WARN_UNGUARDED_AVAILABILITY = YES_AGGRESSIVE;
				CLANG_WARN_UNREACHABLE_CODE = YES;
				CLANG_WARN__DUPLICATE_METHOD_MATCH = YES;
				COPY_PHASE_STRIP = NO;
				DEBUG_INFORMATION_FORMAT = "dwarf-with-dsym";
				ENABLE_NS_ASSERTIONS = NO;
				ENABLE_STRICT_OBJC_MSGSEND = YES;
				GCC_C_LANGUAGE_STANDARD = gnu11;
				GCC_NO_COMMON_BLOCKS = YES;
				GCC_WARN_64_TO_32_BIT_CONVERSION = YES;
				GCC_WARN_ABOUT_RETURN_TYPE = YES_ERROR;
				GCC_WARN_UNDECLARED_SELECTOR = YES;
				GCC_WARN_UNINITIALIZED_AUTOS = YES_AGGRESSIVE;
				GCC_WARN_UNUSED_FUNCTION = YES;
				GCC_WARN_UNUSED_VARIABLE = YES;
				IPHONEOS_DEPLOYMENT_TARGET = 14.1;
				MTL_ENABLE_DEBUG_INFO = NO;
				MTL_FAST_MATH = YES;
				SDKROOT = iphoneos;
				SWIFT_COMPILATION_MODE = wholemodule;
				SWIFT_OPTIMIZATION_LEVEL = "-O";
				VALIDATE_PRODUCT = YES;
			};
			name = Release;
		};
		BA1F441C25583A6500FD705B /* Debug */ = {
			isa = XCBuildConfiguration;
			buildSettings = {
				ASSETCATALOG_COMPILER_APPICON_NAME = AppIcon;
				ASSETCATALOG_COMPILER_GLOBAL_ACCENT_COLOR_NAME = AccentColor;
				CODE_SIGN_STYLE = Automatic;
				DEVELOPMENT_TEAM = KL5CTQ2N5S;
				INFOPLIST_FILE = GorillaBook/App/Info.plist;
				IPHONEOS_DEPLOYMENT_TARGET = 13.0;
				LD_RUNPATH_SEARCH_PATHS = (
					"$(inherited)",
					"@executable_path/Frameworks",
				);
				PRODUCT_BUNDLE_IDENTIFIER = com.andresrojas.GorillaBook;
				PRODUCT_NAME = "$(TARGET_NAME)";
				SWIFT_VERSION = 5.0;
				TARGETED_DEVICE_FAMILY = "1,2";
			};
			name = Debug;
		};
		BA1F441D25583A6500FD705B /* Release */ = {
			isa = XCBuildConfiguration;
			buildSettings = {
				ASSETCATALOG_COMPILER_APPICON_NAME = AppIcon;
				ASSETCATALOG_COMPILER_GLOBAL_ACCENT_COLOR_NAME = AccentColor;
				CODE_SIGN_STYLE = Automatic;
				DEVELOPMENT_TEAM = KL5CTQ2N5S;
				INFOPLIST_FILE = GorillaBook/App/Info.plist;
				IPHONEOS_DEPLOYMENT_TARGET = 13.0;
				LD_RUNPATH_SEARCH_PATHS = (
					"$(inherited)",
					"@executable_path/Frameworks",
				);
				PRODUCT_BUNDLE_IDENTIFIER = com.andresrojas.GorillaBook;
				PRODUCT_NAME = "$(TARGET_NAME)";
				SWIFT_VERSION = 5.0;
				TARGETED_DEVICE_FAMILY = "1,2";
			};
			name = Release;
		};
		BA1F441F25583A6500FD705B /* Debug */ = {
			isa = XCBuildConfiguration;
			buildSettings = {
				ALWAYS_EMBED_SWIFT_STANDARD_LIBRARIES = YES;
				BUNDLE_LOADER = "$(TEST_HOST)";
				CODE_SIGN_STYLE = Automatic;
				DEVELOPMENT_TEAM = KL5CTQ2N5S;
				INFOPLIST_FILE = GorillaBookTests/Info.plist;
				IPHONEOS_DEPLOYMENT_TARGET = 14.1;
				LD_RUNPATH_SEARCH_PATHS = (
					"$(inherited)",
					"@executable_path/Frameworks",
					"@loader_path/Frameworks",
				);
				PRODUCT_BUNDLE_IDENTIFIER = com.andresrojas.GorillaBookTests;
				PRODUCT_NAME = "$(TARGET_NAME)";
				SWIFT_VERSION = 5.0;
				TARGETED_DEVICE_FAMILY = "1,2";
				TEST_HOST = "$(BUILT_PRODUCTS_DIR)/GorillaBook.app/GorillaBook";
			};
			name = Debug;
		};
		BA1F442025583A6500FD705B /* Release */ = {
			isa = XCBuildConfiguration;
			buildSettings = {
				ALWAYS_EMBED_SWIFT_STANDARD_LIBRARIES = YES;
				BUNDLE_LOADER = "$(TEST_HOST)";
				CODE_SIGN_STYLE = Automatic;
				DEVELOPMENT_TEAM = KL5CTQ2N5S;
				INFOPLIST_FILE = GorillaBookTests/Info.plist;
				IPHONEOS_DEPLOYMENT_TARGET = 14.1;
				LD_RUNPATH_SEARCH_PATHS = (
					"$(inherited)",
					"@executable_path/Frameworks",
					"@loader_path/Frameworks",
				);
				PRODUCT_BUNDLE_IDENTIFIER = com.andresrojas.GorillaBookTests;
				PRODUCT_NAME = "$(TARGET_NAME)";
				SWIFT_VERSION = 5.0;
				TARGETED_DEVICE_FAMILY = "1,2";
				TEST_HOST = "$(BUILT_PRODUCTS_DIR)/GorillaBook.app/GorillaBook";
			};
			name = Release;
		};
		BA1F442225583A6500FD705B /* Debug */ = {
			isa = XCBuildConfiguration;
			buildSettings = {
				ALWAYS_EMBED_SWIFT_STANDARD_LIBRARIES = YES;
				CODE_SIGN_STYLE = Automatic;
				DEVELOPMENT_TEAM = KL5CTQ2N5S;
				INFOPLIST_FILE = GorillaBookUITests/Info.plist;
				LD_RUNPATH_SEARCH_PATHS = (
					"$(inherited)",
					"@executable_path/Frameworks",
					"@loader_path/Frameworks",
				);
				PRODUCT_BUNDLE_IDENTIFIER = com.andresrojas.GorillaBookUITests;
				PRODUCT_NAME = "$(TARGET_NAME)";
				SWIFT_VERSION = 5.0;
				TARGETED_DEVICE_FAMILY = "1,2";
				TEST_TARGET_NAME = GorillaBook;
			};
			name = Debug;
		};
		BA1F442325583A6500FD705B /* Release */ = {
			isa = XCBuildConfiguration;
			buildSettings = {
				ALWAYS_EMBED_SWIFT_STANDARD_LIBRARIES = YES;
				CODE_SIGN_STYLE = Automatic;
				DEVELOPMENT_TEAM = KL5CTQ2N5S;
				INFOPLIST_FILE = GorillaBookUITests/Info.plist;
				LD_RUNPATH_SEARCH_PATHS = (
					"$(inherited)",
					"@executable_path/Frameworks",
					"@loader_path/Frameworks",
				);
				PRODUCT_BUNDLE_IDENTIFIER = com.andresrojas.GorillaBookUITests;
				PRODUCT_NAME = "$(TARGET_NAME)";
				SWIFT_VERSION = 5.0;
				TARGETED_DEVICE_FAMILY = "1,2";
				TEST_TARGET_NAME = GorillaBook;
			};
			name = Release;
		};
/* End XCBuildConfiguration section */

/* Begin XCConfigurationList section */
		BA1F43EC25583A6300FD705B /* Build configuration list for PBXProject "GorillaBook" */ = {
			isa = XCConfigurationList;
			buildConfigurations = (
				BA1F441925583A6500FD705B /* Debug */,
				BA1F441A25583A6500FD705B /* Release */,
			);
			defaultConfigurationIsVisible = 0;
			defaultConfigurationName = Release;
		};
		BA1F441B25583A6500FD705B /* Build configuration list for PBXNativeTarget "GorillaBook" */ = {
			isa = XCConfigurationList;
			buildConfigurations = (
				BA1F441C25583A6500FD705B /* Debug */,
				BA1F441D25583A6500FD705B /* Release */,
			);
			defaultConfigurationIsVisible = 0;
			defaultConfigurationName = Release;
		};
		BA1F441E25583A6500FD705B /* Build configuration list for PBXNativeTarget "GorillaBookTests" */ = {
			isa = XCConfigurationList;
			buildConfigurations = (
				BA1F441F25583A6500FD705B /* Debug */,
				BA1F442025583A6500FD705B /* Release */,
			);
			defaultConfigurationIsVisible = 0;
			defaultConfigurationName = Release;
		};
		BA1F442125583A6500FD705B /* Build configuration list for PBXNativeTarget "GorillaBookUITests" */ = {
			isa = XCConfigurationList;
			buildConfigurations = (
				BA1F442225583A6500FD705B /* Debug */,
				BA1F442325583A6500FD705B /* Release */,
			);
			defaultConfigurationIsVisible = 0;
			defaultConfigurationName = Release;
		};
/* End XCConfigurationList section */

/* Begin XCRemoteSwiftPackageReference section */
		BA1F44B925585AF700FD705B /* XCRemoteSwiftPackageReference "SDWebImage" */ = {
			isa = XCRemoteSwiftPackageReference;
			repositoryURL = "https://github.com/SDWebImage/SDWebImage.git";
			requirement = {
				kind = upToNextMajorVersion;
				minimumVersion = 5.9.4;
			};
		};
/* End XCRemoteSwiftPackageReference section */

/* Begin XCSwiftPackageProductDependency section */
		BA1F44BA25585AF700FD705B /* SDWebImage */ = {
			isa = XCSwiftPackageProductDependency;
			package = BA1F44B925585AF700FD705B /* XCRemoteSwiftPackageReference "SDWebImage" */;
			productName = SDWebImage;
		};
/* End XCSwiftPackageProductDependency section */
	};
	rootObject = BA1F43E925583A6300FD705B /* Project object */;
}
